
Microsoft Visual Studio Solution File, Format Version 12.00
# Visual Studio Version 17
VisualStudioVersion = 17.5.33530.505
MinimumVisualStudioVersion = 10.0.40219.1
Project("{FAE04EC0-301F-11D3-BF4B-00C04F79EFBC}") = "DVDLBussinesLogicTier", "DVDLBussinesLogicTier\DVDLBussinesLogicTier.csproj", "{B14C87A9-125B-40C4-82C6-69D05A745161}"
EndProject
Global
	GlobalSection(SolutionConfigurationPlatforms) = preSolution
		Debug|Any CPU = Debug|Any CPU
		Release|Any CPU = Release|Any CPU
	EndGlobalSection
	GlobalSection(ProjectConfigurationPlatforms) = postSolution
		{B14C87A9-125B-40C4-82C6-69D05A745161}.Debug|Any CPU.ActiveCfg = Debug|Any CPU
		{B14C87A9-125B-40C4-82C6-69D05A745161}.Debug|Any CPU.Build.0 = Debug|Any CPU
		{B14C87A9-125B-40C4-82C6-69D05A745161}.Release|Any CPU.ActiveCfg = Release|Any CPU
		{B14C87A9-125B-40C4-82C6-69D05A745161}.Release|Any CPU.Build.0 = Release|Any CPU
	EndGlobalSection
	GlobalSection(SolutionProperties) = preSolution
		HideSolutionNode = FALSE
	EndGlobalSection
	GlobalSection(ExtensibilityGlobals) = postSolution
		SolutionGuid = {D7B2D2D4-1E4B-4814-B721-E0453357908F}
	EndGlobalSection
EndGlobal
