
Microsoft Visual Studio Solution File, Format Version 12.00
# Visual Studio Version 17
VisualStudioVersion = 17.5.33530.505
MinimumVisualStudioVersion = 10.0.40219.1
Project("{FAE04EC0-301F-11D3-BF4B-00C04F79EFBC}") = "DVDLAccessDataTier", "DVDLAccessDataTier\DVDLAccessDataTier.csproj", "{51BAE593-6588-4938-BE0B-7082613DF9CE}"
EndProject
Global
	GlobalSection(SolutionConfigurationPlatforms) = preSolution
		Debug|Any CPU = Debug|Any CPU
		Release|Any CPU = Release|Any CPU
	EndGlobalSection
	GlobalSection(ProjectConfigurationPlatforms) = postSolution
		{51BAE593-6588-4938-BE0B-7082613DF9CE}.Debug|Any CPU.ActiveCfg = Debug|Any CPU
		{51BAE593-6588-4938-BE0B-7082613DF9CE}.Debug|Any CPU.Build.0 = Debug|Any CPU
		{51BAE593-6588-4938-BE0B-7082613DF9CE}.Release|Any CPU.ActiveCfg = Release|Any CPU
		{51BAE593-6588-4938-BE0B-7082613DF9CE}.Release|Any CPU.Build.0 = Release|Any CPU
	EndGlobalSection
	GlobalSection(SolutionProperties) = preSolution
		HideSolutionNode = FALSE
	EndGlobalSection
	GlobalSection(ExtensibilityGlobals) = postSolution
		SolutionGuid = {67155A8E-7198-472F-9278-BA89DCBB91A9}
	EndGlobalSection
EndGlobal
